{
  "object": {
    "pins": [
      {
        "package": "Functional",
        "repositoryURL": "https://github.com/uptech/Functional.git",
        "state": {
          "branch": null,
          "revision": "de2d9133169b36ea960dc9cc224419c6982889e8",
          "version": "0.3.0"
        }
      }
    ]
  },
  "version": 1
}
